// !$*UTF8*$!
{
	archiveVersion = 1;
	classes = {
	};
	objectVersion = 55;
	objects = {

/* Begin PBXBuildFile section */
		481388F129ABE0F2001B8A55 /* ScreenBreakApp.swift in Sources */ = {isa = PBXBuildFile; fileRef = 481388F029ABE0F2001B8A55 /* ScreenBreakApp.swift */; };
		481388F329ABE0F2001B8A55 /* ContentView.swift in Sources */ = {isa = PBXBuildFile; fileRef = 481388F229ABE0F2001B8A55 /* ContentView.swift */; };
		481388F529ABE0F6001B8A55 /* Assets.xcassets in Resources */ = {isa = PBXBuildFile; fileRef = 481388F429ABE0F6001B8A55 /* Assets.xcassets */; };
		481388F829ABE0F6001B8A55 /* Preview Assets.xcassets in Resources */ = {isa = PBXBuildFile; fileRef = 481388F729ABE0F6001B8A55 /* Preview Assets.xcassets */; };
		481388FA29ABE0F6001B8A55 /* Persistence.swift in Sources */ = {isa = PBXBuildFile; fileRef = 481388F929ABE0F6001B8A55 /* Persistence.swift */; };
		481388FD29ABE0F6001B8A55 /* ScreenBreak.xcdatamodeld in Sources */ = {isa = PBXBuildFile; fileRef = 481388FB29ABE0F6001B8A55 /* ScreenBreak.xcdatamodeld */; };
		4813890729ABE0F6001B8A55 /* ScreenBreakTests.swift in Sources */ = {isa = PBXBuildFile; fileRef = 4813890629ABE0F6001B8A55 /* ScreenBreakTests.swift */; };
		4813891129ABE0F6001B8A55 /* ScreenBreakUITests.swift in Sources */ = {isa = PBXBuildFile; fileRef = 4813891029ABE0F6001B8A55 /* ScreenBreakUITests.swift */; };
		4813891329ABE0F6001B8A55 /* ScreenBreakUITestsLaunchTests.swift in Sources */ = {isa = PBXBuildFile; fileRef = 4813891229ABE0F6001B8A55 /* ScreenBreakUITestsLaunchTests.swift */; };
		4846CFB329CCA666005D018E /* ChartView.swift in Sources */ = {isa = PBXBuildFile; fileRef = 4846CFB229CCA666005D018E /* ChartView.swift */; };
		4846CFBD29D1039E005D018E /* ReportExtension.swift in Sources */ = {isa = PBXBuildFile; fileRef = 4846CFBC29D1039E005D018E /* ReportExtension.swift */; };
		4846CFBF29D1039E005D018E /* TotalActivityReport.swift in Sources */ = {isa = PBXBuildFile; fileRef = 4846CFBE29D1039E005D018E /* TotalActivityReport.swift */; };
		4846CFC129D1039E005D018E /* TotalActivityView.swift in Sources */ = {isa = PBXBuildFile; fileRef = 4846CFC029D1039E005D018E /* TotalActivityView.swift */; };
		4846CFC629D1039E005D018E /* ReportExtension.appex in Embed ExtensionKit Extensions */ = {isa = PBXBuildFile; fileRef = 4846CFBA29D1039E005D018E /* ReportExtension.appex */; settings = {ATTRIBUTES = (RemoveHeadersOnCopy, ); }; };
		4846CFCC29D105A1005D018E /* AppDeviceActivity.swift in Sources */ = {isa = PBXBuildFile; fileRef = 4846CFCB29D105A1005D018E /* AppDeviceActivity.swift */; };
		4846CFD029D1E888005D018E /* MyModel.swift in Sources */ = {isa = PBXBuildFile; fileRef = 4846CFCF29D1E888005D018E /* MyModel.swift */; };
		4846CFD229D1E8E0005D018E /* MySchedule.swift in Sources */ = {isa = PBXBuildFile; fileRef = 4846CFD129D1E8E0005D018E /* MySchedule.swift */; };
		4846CFD829D1E94F005D018E /* DeviceActivity.framework in Frameworks */ = {isa = PBXBuildFile; fileRef = 4846CF9C29CCA40C005D018E /* DeviceActivity.framework */; };
		4846CFDB29D1E94F005D018E /* DeviceActivityMonitorExtension.swift in Sources */ = {isa = PBXBuildFile; fileRef = 4846CFDA29D1E94F005D018E /* DeviceActivityMonitorExtension.swift */; };
		4846CFE029D1E94F005D018E /* DeviceActivityMonitor.appex in Embed Foundation Extensions */ = {isa = PBXBuildFile; fileRef = 4846CFD729D1E94F005D018E /* DeviceActivityMonitor.appex */; settings = {ATTRIBUTES = (RemoveHeadersOnCopy, ); }; };
		4846CFE529D313B1005D018E /* TotalCategoryReport.swift in Sources */ = {isa = PBXBuildFile; fileRef = 4846CFE429D313B1005D018E /* TotalCategoryReport.swift */; };
		4846CFE729D313FA005D018E /* CategoryChartView.swift in Sources */ = {isa = PBXBuildFile; fileRef = 4846CFE629D313FA005D018E /* CategoryChartView.swift */; };
		4846CFE929D32208005D018E /* ExampleView.swift in Sources */ = {isa = PBXBuildFile; fileRef = 4846CFE829D32208005D018E /* ExampleView.swift */; };
		4846CFF029D49A48005D018E /* CardView.swift in Sources */ = {isa = PBXBuildFile; fileRef = 4846CFEE29D49A1E005D018E /* CardView.swift */; };
		4846CFF329D72FED005D018E /* RiveRuntime in Frameworks */ = {isa = PBXBuildFile; productRef = 4846CFF229D72FED005D018E /* RiveRuntime */; };
		4846CFFC29D73130005D018E /* house.riv in Resources */ = {isa = PBXBuildFile; fileRef = 4846CFF529D73130005D018E /* house.riv */; };
		4846CFFD29D73130005D018E /* house.riv in Resources */ = {isa = PBXBuildFile; fileRef = 4846CFF529D73130005D018E /* house.riv */; };
		4846CFFE29D73130005D018E /* house.riv in Resources */ = {isa = PBXBuildFile; fileRef = 4846CFF529D73130005D018E /* house.riv */; };
		4846CFFF29D73130005D018E /* confetti.riv in Resources */ = {isa = PBXBuildFile; fileRef = 4846CFF629D73130005D018E /* confetti.riv */; };
		4846D00029D73130005D018E /* confetti.riv in Resources */ = {isa = PBXBuildFile; fileRef = 4846CFF629D73130005D018E /* confetti.riv */; };
		4846D00129D73130005D018E /* confetti.riv in Resources */ = {isa = PBXBuildFile; fileRef = 4846CFF629D73130005D018E /* confetti.riv */; };
		4846D00229D73130005D018E /* check.riv in Resources */ = {isa = PBXBuildFile; fileRef = 4846CFF729D73130005D018E /* check.riv */; };
		4846D00329D73130005D018E /* check.riv in Resources */ = {isa = PBXBuildFile; fileRef = 4846CFF729D73130005D018E /* check.riv */; };
		4846D00429D73130005D018E /* check.riv in Resources */ = {isa = PBXBuildFile; fileRef = 4846CFF729D73130005D018E /* check.riv */; };
		4846D00529D73130005D018E /* menu_button.riv in Resources */ = {isa = PBXBuildFile; fileRef = 4846CFF829D73130005D018E /* menu_button.riv */; };
		4846D00629D73130005D018E /* menu_button.riv in Resources */ = {isa = PBXBuildFile; fileRef = 4846CFF829D73130005D018E /* menu_button.riv */; };
		4846D00729D73130005D018E /* menu_button.riv in Resources */ = {isa = PBXBuildFile; fileRef = 4846CFF829D73130005D018E /* menu_button.riv */; };
		4846D00829D73130005D018E /* shapes.riv in Resources */ = {isa = PBXBuildFile; fileRef = 4846CFF929D73130005D018E /* shapes.riv */; };
		4846D00929D73130005D018E /* shapes.riv in Resources */ = {isa = PBXBuildFile; fileRef = 4846CFF929D73130005D018E /* shapes.riv */; };
		4846D00A29D73130005D018E /* shapes.riv in Resources */ = {isa = PBXBuildFile; fileRef = 4846CFF929D73130005D018E /* shapes.riv */; };
		4846D00B29D73130005D018E /* button.riv in Resources */ = {isa = PBXBuildFile; fileRef = 4846CFFA29D73130005D018E /* button.riv */; };
		4846D00C29D73130005D018E /* button.riv in Resources */ = {isa = PBXBuildFile; fileRef = 4846CFFA29D73130005D018E /* button.riv */; };
		4846D00D29D73130005D018E /* button.riv in Resources */ = {isa = PBXBuildFile; fileRef = 4846CFFA29D73130005D018E /* button.riv */; };
		4846D00E29D73130005D018E /* icons.riv in Resources */ = {isa = PBXBuildFile; fileRef = 4846CFFB29D73130005D018E /* icons.riv */; };
		4846D00F29D73130005D018E /* icons.riv in Resources */ = {isa = PBXBuildFile; fileRef = 4846CFFB29D73130005D018E /* icons.riv */; };
		4846D01029D73130005D018E /* icons.riv in Resources */ = {isa = PBXBuildFile; fileRef = 4846CFFB29D73130005D018E /* icons.riv */; };
		488340B029B80B1500910A27 /* AppsView.swift in Sources */ = {isa = PBXBuildFile; fileRef = 488340AF29B80B1500910A27 /* AppsView.swift */; };
		488340B229B80B5100910A27 /* ConfigView.swift in Sources */ = {isa = PBXBuildFile; fileRef = 488340B129B80B5100910A27 /* ConfigView.swift */; };
		488340B429B80CE800910A27 /* TabBar.swift in Sources */ = {isa = PBXBuildFile; fileRef = 488340B329B80CE800910A27 /* TabBar.swift */; };
		488340B629B80D3500910A27 /* SettingsView.swift in Sources */ = {isa = PBXBuildFile; fileRef = 488340B529B80D3500910A27 /* SettingsView.swift */; };
		488340B829B8148700910A27 /* LeaderboardView.swift in Sources */ = {isa = PBXBuildFile; fileRef = 488340B729B8148700910A27 /* LeaderboardView.swift */; };
		488340BA29B8198D00910A27 /* HomeView.swift in Sources */ = {isa = PBXBuildFile; fileRef = 488340B929B8198D00910A27 /* HomeView.swift */; };
		488340BC29C8A80B00910A27 /* LaunchScreenView.swift in Sources */ = {isa = PBXBuildFile; fileRef = 488340BB29C8A80B00910A27 /* LaunchScreenView.swift */; };
		488340BF29C8AE8F00910A27 /* LaunchScreenManager.swift in Sources */ = {isa = PBXBuildFile; fileRef = 488340BE29C8AE8F00910A27 /* LaunchScreenManager.swift */; };
		DD69DAAB29D20C850024831D /* GoogleService-Info.plist in Resources */ = {isa = PBXBuildFile; fileRef = DD69DAAA29D20C850024831D /* GoogleService-Info.plist */; };
		DD69DAAE29D20D290024831D /* FirebaseAuth in Frameworks */ = {isa = PBXBuildFile; productRef = DD69DAAD29D20D290024831D /* FirebaseAuth */; };
		DD69DAC029D212560024831D /* LoginView.swift in Sources */ = {isa = PBXBuildFile; fileRef = DD69DABD29D212560024831D /* LoginView.swift */; };
		DD69DAC129D212560024831D /* SignInView.swift in Sources */ = {isa = PBXBuildFile; fileRef = DD69DABE29D212560024831D /* SignInView.swift */; };
		DD69DAC229D212560024831D /* RegisterView.swift in Sources */ = {isa = PBXBuildFile; fileRef = DD69DABF29D212560024831D /* RegisterView.swift */; };
/* End PBXBuildFile section */

/* Begin PBXContainerItemProxy section */
		4813890329ABE0F6001B8A55 /* PBXContainerItemProxy */ = {
			isa = PBXContainerItemProxy;
			containerPortal = 481388E529ABE0F1001B8A55 /* Project object */;
			proxyType = 1;
			remoteGlobalIDString = 481388EC29ABE0F2001B8A55;
			remoteInfo = ScreenBreak;
		};
		4813890D29ABE0F6001B8A55 /* PBXContainerItemProxy */ = {
			isa = PBXContainerItemProxy;
			containerPortal = 481388E529ABE0F1001B8A55 /* Project object */;
			proxyType = 1;
			remoteGlobalIDString = 481388EC29ABE0F2001B8A55;
			remoteInfo = ScreenBreak;
		};
		4846CFC429D1039E005D018E /* PBXContainerItemProxy */ = {
			isa = PBXContainerItemProxy;
			containerPortal = 481388E529ABE0F1001B8A55 /* Project object */;
			proxyType = 1;
			remoteGlobalIDString = 4846CFB929D1039E005D018E;
			remoteInfo = ReportExtension;
		};
		4846CFDE29D1E94F005D018E /* PBXContainerItemProxy */ = {
			isa = PBXContainerItemProxy;
			containerPortal = 481388E529ABE0F1001B8A55 /* Project object */;
			proxyType = 1;
			remoteGlobalIDString = 4846CFD629D1E94F005D018E;
			remoteInfo = DeviceActivityMonitor;
		};
/* End PBXContainerItemProxy section */

/* Begin PBXCopyFilesBuildPhase section */
		4846CFA629CCA40C005D018E /* Embed Foundation Extensions */ = {
			isa = PBXCopyFilesBuildPhase;
			buildActionMask = 2147483647;
			dstPath = "";
			dstSubfolderSpec = 13;
			files = (
				4846CFE029D1E94F005D018E /* DeviceActivityMonitor.appex in Embed Foundation Extensions */,
			);
			name = "Embed Foundation Extensions";
			runOnlyForDeploymentPostprocessing = 0;
		};
		4846CFCA29D1039E005D018E /* Embed ExtensionKit Extensions */ = {
			isa = PBXCopyFilesBuildPhase;
			buildActionMask = 2147483647;
			dstPath = "$(EXTENSIONS_FOLDER_PATH)";
			dstSubfolderSpec = 16;
			files = (
				4846CFC629D1039E005D018E /* ReportExtension.appex in Embed ExtensionKit Extensions */,
			);
			name = "Embed ExtensionKit Extensions";
			runOnlyForDeploymentPostprocessing = 0;
		};
/* End PBXCopyFilesBuildPhase section */

/* Begin PBXFileReference section */
		481388ED29ABE0F2001B8A55 /* ScreenBreak.app */ = {isa = PBXFileReference; explicitFileType = wrapper.application; includeInIndex = 0; path = ScreenBreak.app; sourceTree = BUILT_PRODUCTS_DIR; };
		481388F029ABE0F2001B8A55 /* ScreenBreakApp.swift */ = {isa = PBXFileReference; lastKnownFileType = sourcecode.swift; path = ScreenBreakApp.swift; sourceTree = "<group>"; };
		481388F229ABE0F2001B8A55 /* ContentView.swift */ = {isa = PBXFileReference; lastKnownFileType = sourcecode.swift; path = ContentView.swift; sourceTree = "<group>"; };
		481388F429ABE0F6001B8A55 /* Assets.xcassets */ = {isa = PBXFileReference; lastKnownFileType = folder.assetcatalog; path = Assets.xcassets; sourceTree = "<group>"; };
		481388F729ABE0F6001B8A55 /* Preview Assets.xcassets */ = {isa = PBXFileReference; lastKnownFileType = folder.assetcatalog; path = "Preview Assets.xcassets"; sourceTree = "<group>"; };
		481388F929ABE0F6001B8A55 /* Persistence.swift */ = {isa = PBXFileReference; lastKnownFileType = sourcecode.swift; path = Persistence.swift; sourceTree = "<group>"; };
		481388FC29ABE0F6001B8A55 /* ScreenBreak.xcdatamodel */ = {isa = PBXFileReference; lastKnownFileType = wrapper.xcdatamodel; path = ScreenBreak.xcdatamodel; sourceTree = "<group>"; };
		4813890229ABE0F6001B8A55 /* ScreenBreakTests.xctest */ = {isa = PBXFileReference; explicitFileType = wrapper.cfbundle; includeInIndex = 0; path = ScreenBreakTests.xctest; sourceTree = BUILT_PRODUCTS_DIR; };
		4813890629ABE0F6001B8A55 /* ScreenBreakTests.swift */ = {isa = PBXFileReference; lastKnownFileType = sourcecode.swift; path = ScreenBreakTests.swift; sourceTree = "<group>"; };
		4813890C29ABE0F6001B8A55 /* ScreenBreakUITests.xctest */ = {isa = PBXFileReference; explicitFileType = wrapper.cfbundle; includeInIndex = 0; path = ScreenBreakUITests.xctest; sourceTree = BUILT_PRODUCTS_DIR; };
		4813891029ABE0F6001B8A55 /* ScreenBreakUITests.swift */ = {isa = PBXFileReference; lastKnownFileType = sourcecode.swift; path = ScreenBreakUITests.swift; sourceTree = "<group>"; };
		4813891229ABE0F6001B8A55 /* ScreenBreakUITestsLaunchTests.swift */ = {isa = PBXFileReference; lastKnownFileType = sourcecode.swift; path = ScreenBreakUITestsLaunchTests.swift; sourceTree = "<group>"; };
		4846CF9C29CCA40C005D018E /* DeviceActivity.framework */ = {isa = PBXFileReference; lastKnownFileType = wrapper.framework; name = DeviceActivity.framework; path = System/Library/Frameworks/DeviceActivity.framework; sourceTree = SDKROOT; };
		4846CFB229CCA666005D018E /* ChartView.swift */ = {isa = PBXFileReference; lastKnownFileType = sourcecode.swift; path = ChartView.swift; sourceTree = "<group>"; };
		4846CFB429CCB2C4005D018E /* ScreenBreak.entitlements */ = {isa = PBXFileReference; lastKnownFileType = text.plist.entitlements; path = ScreenBreak.entitlements; sourceTree = "<group>"; };
		4846CFBA29D1039E005D018E /* ReportExtension.appex */ = {isa = PBXFileReference; explicitFileType = "wrapper.extensionkit-extension"; includeInIndex = 0; path = ReportExtension.appex; sourceTree = BUILT_PRODUCTS_DIR; };
		4846CFBC29D1039E005D018E /* ReportExtension.swift */ = {isa = PBXFileReference; lastKnownFileType = sourcecode.swift; path = ReportExtension.swift; sourceTree = "<group>"; };
		4846CFBE29D1039E005D018E /* TotalActivityReport.swift */ = {isa = PBXFileReference; lastKnownFileType = sourcecode.swift; path = TotalActivityReport.swift; sourceTree = "<group>"; };
		4846CFC029D1039E005D018E /* TotalActivityView.swift */ = {isa = PBXFileReference; lastKnownFileType = sourcecode.swift; path = TotalActivityView.swift; sourceTree = "<group>"; };
		4846CFC229D1039E005D018E /* Info.plist */ = {isa = PBXFileReference; lastKnownFileType = text.plist.xml; path = Info.plist; sourceTree = "<group>"; };
		4846CFC329D1039E005D018E /* ReportExtension.entitlements */ = {isa = PBXFileReference; lastKnownFileType = text.plist.entitlements; path = ReportExtension.entitlements; sourceTree = "<group>"; };
		4846CFCB29D105A1005D018E /* AppDeviceActivity.swift */ = {isa = PBXFileReference; lastKnownFileType = sourcecode.swift; path = AppDeviceActivity.swift; sourceTree = "<group>"; };
		4846CFCF29D1E888005D018E /* MyModel.swift */ = {isa = PBXFileReference; lastKnownFileType = sourcecode.swift; path = MyModel.swift; sourceTree = "<group>"; };
		4846CFD129D1E8E0005D018E /* MySchedule.swift */ = {isa = PBXFileReference; lastKnownFileType = sourcecode.swift; path = MySchedule.swift; sourceTree = "<group>"; };
		4846CFD729D1E94F005D018E /* DeviceActivityMonitor.appex */ = {isa = PBXFileReference; explicitFileType = "wrapper.app-extension"; includeInIndex = 0; path = DeviceActivityMonitor.appex; sourceTree = BUILT_PRODUCTS_DIR; };
		4846CFDA29D1E94F005D018E /* DeviceActivityMonitorExtension.swift */ = {isa = PBXFileReference; lastKnownFileType = sourcecode.swift; path = DeviceActivityMonitorExtension.swift; sourceTree = "<group>"; };
		4846CFDC29D1E94F005D018E /* Info.plist */ = {isa = PBXFileReference; lastKnownFileType = text.plist.xml; path = Info.plist; sourceTree = "<group>"; };
		4846CFDD29D1E94F005D018E /* DeviceActivityMonitor.entitlements */ = {isa = PBXFileReference; lastKnownFileType = text.plist.entitlements; path = DeviceActivityMonitor.entitlements; sourceTree = "<group>"; };
		4846CFE429D313B1005D018E /* TotalCategoryReport.swift */ = {isa = PBXFileReference; lastKnownFileType = sourcecode.swift; path = TotalCategoryReport.swift; sourceTree = "<group>"; };
		4846CFE629D313FA005D018E /* CategoryChartView.swift */ = {isa = PBXFileReference; lastKnownFileType = sourcecode.swift; path = CategoryChartView.swift; sourceTree = "<group>"; };
		4846CFE829D32208005D018E /* ExampleView.swift */ = {isa = PBXFileReference; lastKnownFileType = sourcecode.swift; path = ExampleView.swift; sourceTree = "<group>"; };
		4846CFEE29D49A1E005D018E /* CardView.swift */ = {isa = PBXFileReference; lastKnownFileType = sourcecode.swift; path = CardView.swift; sourceTree = "<group>"; };
		4846CFF529D73130005D018E /* house.riv */ = {isa = PBXFileReference; lastKnownFileType = file; path = house.riv; sourceTree = "<group>"; };
		4846CFF629D73130005D018E /* confetti.riv */ = {isa = PBXFileReference; lastKnownFileType = file; path = confetti.riv; sourceTree = "<group>"; };
		4846CFF729D73130005D018E /* check.riv */ = {isa = PBXFileReference; lastKnownFileType = file; path = check.riv; sourceTree = "<group>"; };
		4846CFF829D73130005D018E /* menu_button.riv */ = {isa = PBXFileReference; lastKnownFileType = file; path = menu_button.riv; sourceTree = "<group>"; };
		4846CFF929D73130005D018E /* shapes.riv */ = {isa = PBXFileReference; lastKnownFileType = file; path = shapes.riv; sourceTree = "<group>"; };
		4846CFFA29D73130005D018E /* button.riv */ = {isa = PBXFileReference; lastKnownFileType = file; path = button.riv; sourceTree = "<group>"; };
		4846CFFB29D73130005D018E /* icons.riv */ = {isa = PBXFileReference; lastKnownFileType = file; path = icons.riv; sourceTree = "<group>"; };
		488340AF29B80B1500910A27 /* AppsView.swift */ = {isa = PBXFileReference; lastKnownFileType = sourcecode.swift; path = AppsView.swift; sourceTree = "<group>"; };
		488340B129B80B5100910A27 /* ConfigView.swift */ = {isa = PBXFileReference; lastKnownFileType = sourcecode.swift; path = ConfigView.swift; sourceTree = "<group>"; };
		488340B329B80CE800910A27 /* TabBar.swift */ = {isa = PBXFileReference; lastKnownFileType = sourcecode.swift; path = TabBar.swift; sourceTree = "<group>"; };
		488340B529B80D3500910A27 /* SettingsView.swift */ = {isa = PBXFileReference; lastKnownFileType = sourcecode.swift; path = SettingsView.swift; sourceTree = "<group>"; };
		488340B729B8148700910A27 /* LeaderboardView.swift */ = {isa = PBXFileReference; lastKnownFileType = sourcecode.swift; path = LeaderboardView.swift; sourceTree = "<group>"; };
		488340B929B8198D00910A27 /* HomeView.swift */ = {isa = PBXFileReference; lastKnownFileType = sourcecode.swift; path = HomeView.swift; sourceTree = "<group>"; };
		488340BB29C8A80B00910A27 /* LaunchScreenView.swift */ = {isa = PBXFileReference; lastKnownFileType = sourcecode.swift; path = LaunchScreenView.swift; sourceTree = "<group>"; };
		488340BD29C8AA8800910A27 /* Info.plist */ = {isa = PBXFileReference; lastKnownFileType = text.plist; path = Info.plist; sourceTree = "<group>"; };
		488340BE29C8AE8F00910A27 /* LaunchScreenManager.swift */ = {isa = PBXFileReference; lastKnownFileType = sourcecode.swift; path = LaunchScreenManager.swift; sourceTree = "<group>"; };
		DD69DAAA29D20C850024831D /* GoogleService-Info.plist */ = {isa = PBXFileReference; fileEncoding = 4; lastKnownFileType = text.plist.xml; path = "GoogleService-Info.plist"; sourceTree = "<group>"; };
		DD69DABD29D212560024831D /* LoginView.swift */ = {isa = PBXFileReference; fileEncoding = 4; lastKnownFileType = sourcecode.swift; path = LoginView.swift; sourceTree = "<group>"; };
		DD69DABE29D212560024831D /* SignInView.swift */ = {isa = PBXFileReference; fileEncoding = 4; lastKnownFileType = sourcecode.swift; path = SignInView.swift; sourceTree = "<group>"; };
		DD69DABF29D212560024831D /* RegisterView.swift */ = {isa = PBXFileReference; fileEncoding = 4; lastKnownFileType = sourcecode.swift; path = RegisterView.swift; sourceTree = "<group>"; };
/* End PBXFileReference section */

/* Begin PBXFrameworksBuildPhase section */
		481388EA29ABE0F2001B8A55 /* Frameworks */ = {
			isa = PBXFrameworksBuildPhase;
			buildActionMask = 2147483647;
			files = (
				DD69DAAE29D20D290024831D /* FirebaseAuth in Frameworks */,
				4846CFF329D72FED005D018E /* RiveRuntime in Frameworks */,
			);
			runOnlyForDeploymentPostprocessing = 0;
		};
		481388FF29ABE0F6001B8A55 /* Frameworks */ = {
			isa = PBXFrameworksBuildPhase;
			buildActionMask = 2147483647;
			files = (
			);
			runOnlyForDeploymentPostprocessing = 0;
		};
		4813890929ABE0F6001B8A55 /* Frameworks */ = {
			isa = PBXFrameworksBuildPhase;
			buildActionMask = 2147483647;
			files = (
			);
			runOnlyForDeploymentPostprocessing = 0;
		};
		4846CFB729D1039E005D018E /* Frameworks */ = {
			isa = PBXFrameworksBuildPhase;
			buildActionMask = 2147483647;
			files = (
			);
			runOnlyForDeploymentPostprocessing = 0;
		};
		4846CFD429D1E94F005D018E /* Frameworks */ = {
			isa = PBXFrameworksBuildPhase;
			buildActionMask = 2147483647;
			files = (
				4846CFD829D1E94F005D018E /* DeviceActivity.framework in Frameworks */,
			);
			runOnlyForDeploymentPostprocessing = 0;
		};
/* End PBXFrameworksBuildPhase section */

/* Begin PBXGroup section */
		481388E429ABE0F1001B8A55 = {
			isa = PBXGroup;
			children = (
				481388EF29ABE0F2001B8A55 /* ScreenBreak */,
				4813890529ABE0F6001B8A55 /* ScreenBreakTests */,
				4813890F29ABE0F6001B8A55 /* ScreenBreakUITests */,
				4846CFBB29D1039E005D018E /* ReportExtension */,
				4846CFD929D1E94F005D018E /* DeviceActivityMonitor */,
				4846CF9B29CCA40C005D018E /* Frameworks */,
				481388EE29ABE0F2001B8A55 /* Products */,
			);
			sourceTree = "<group>";
		};
		481388EE29ABE0F2001B8A55 /* Products */ = {
			isa = PBXGroup;
			children = (
				481388ED29ABE0F2001B8A55 /* ScreenBreak.app */,
				4813890229ABE0F6001B8A55 /* ScreenBreakTests.xctest */,
				4813890C29ABE0F6001B8A55 /* ScreenBreakUITests.xctest */,
				4846CFBA29D1039E005D018E /* ReportExtension.appex */,
				4846CFD729D1E94F005D018E /* DeviceActivityMonitor.appex */,
			);
			name = Products;
			sourceTree = "<group>";
		};
		481388EF29ABE0F2001B8A55 /* ScreenBreak */ = {
			isa = PBXGroup;
			children = (
				DD69DAAA29D20C850024831D /* GoogleService-Info.plist */,
				4846CFB429CCB2C4005D018E /* ScreenBreak.entitlements */,
				488340BD29C8AA8800910A27 /* Info.plist */,
				481388F029ABE0F2001B8A55 /* ScreenBreakApp.swift */,
				488340AE29B80AA800910A27 /* Views */,
				481388F429ABE0F6001B8A55 /* Assets.xcassets */,
				4846CFF429D73130005D018E /* RiveAssets */,
				481388F929ABE0F6001B8A55 /* Persistence.swift */,
				4846CFCF29D1E888005D018E /* MyModel.swift */,
				4846CFD129D1E8E0005D018E /* MySchedule.swift */,
				488340BE29C8AE8F00910A27 /* LaunchScreenManager.swift */,
				481388FB29ABE0F6001B8A55 /* ScreenBreak.xcdatamodeld */,
				481388F629ABE0F6001B8A55 /* Preview Content */,
			);
			path = ScreenBreak;
			sourceTree = "<group>";
		};
		481388F629ABE0F6001B8A55 /* Preview Content */ = {
			isa = PBXGroup;
			children = (
				481388F729ABE0F6001B8A55 /* Preview Assets.xcassets */,
			);
			path = "Preview Content";
			sourceTree = "<group>";
		};
		4813890529ABE0F6001B8A55 /* ScreenBreakTests */ = {
			isa = PBXGroup;
			children = (
				4813890629ABE0F6001B8A55 /* ScreenBreakTests.swift */,
			);
			path = ScreenBreakTests;
			sourceTree = "<group>";
		};
		4813890F29ABE0F6001B8A55 /* ScreenBreakUITests */ = {
			isa = PBXGroup;
			children = (
				4813891029ABE0F6001B8A55 /* ScreenBreakUITests.swift */,
				4813891229ABE0F6001B8A55 /* ScreenBreakUITestsLaunchTests.swift */,
			);
			path = ScreenBreakUITests;
			sourceTree = "<group>";
		};
		4846CF9B29CCA40C005D018E /* Frameworks */ = {
			isa = PBXGroup;
			children = (
				4846CF9C29CCA40C005D018E /* DeviceActivity.framework */,
			);
			name = Frameworks;
			sourceTree = "<group>";
		};
		4846CFBB29D1039E005D018E /* ReportExtension */ = {
			isa = PBXGroup;
			children = (
				4846CFBC29D1039E005D018E /* ReportExtension.swift */,
				4846CFBE29D1039E005D018E /* TotalActivityReport.swift */,
				4846CFEE29D49A1E005D018E /* CardView.swift */,
				4846CFC029D1039E005D018E /* TotalActivityView.swift */,
				4846CFCB29D105A1005D018E /* AppDeviceActivity.swift */,
				4846CFE429D313B1005D018E /* TotalCategoryReport.swift */,
				4846CFE629D313FA005D018E /* CategoryChartView.swift */,
				4846CFE829D32208005D018E /* ExampleView.swift */,
				4846CFC229D1039E005D018E /* Info.plist */,
				4846CFC329D1039E005D018E /* ReportExtension.entitlements */,
			);
			path = ReportExtension;
			sourceTree = "<group>";
		};
		4846CFD929D1E94F005D018E /* DeviceActivityMonitor */ = {
			isa = PBXGroup;
			children = (
				4846CFDA29D1E94F005D018E /* DeviceActivityMonitorExtension.swift */,
				4846CFDC29D1E94F005D018E /* Info.plist */,
				4846CFDD29D1E94F005D018E /* DeviceActivityMonitor.entitlements */,
			);
			path = DeviceActivityMonitor;
			sourceTree = "<group>";
		};
		4846CFF429D73130005D018E /* RiveAssets */ = {
			isa = PBXGroup;
			children = (
				4846CFF529D73130005D018E /* house.riv */,
				4846CFF629D73130005D018E /* confetti.riv */,
				4846CFF729D73130005D018E /* check.riv */,
				4846CFF829D73130005D018E /* menu_button.riv */,
				4846CFF929D73130005D018E /* shapes.riv */,
				4846CFFA29D73130005D018E /* button.riv */,
				4846CFFB29D73130005D018E /* icons.riv */,
			);
			path = RiveAssets;
			sourceTree = "<group>";
		};
		488340AE29B80AA800910A27 /* Views */ = {
			isa = PBXGroup;
			children = (
				481388F229ABE0F2001B8A55 /* ContentView.swift */,
				488340BB29C8A80B00910A27 /* LaunchScreenView.swift */,
				488340B329B80CE800910A27 /* TabBar.swift */,
				DD69DABF29D212560024831D /* RegisterView.swift */,
				DD69DABD29D212560024831D /* LoginView.swift */,
				DD69DABE29D212560024831D /* SignInView.swift */,
				488340AF29B80B1500910A27 /* AppsView.swift */,
				488340B929B8198D00910A27 /* HomeView.swift */,
				488340B129B80B5100910A27 /* ConfigView.swift */,
				488340B529B80D3500910A27 /* SettingsView.swift */,
				488340B729B8148700910A27 /* LeaderboardView.swift */,
				4846CFB229CCA666005D018E /* ChartView.swift */,
			);
			path = Views;
			sourceTree = "<group>";
		};
/* End PBXGroup section */

/* Begin PBXNativeTarget section */
		481388EC29ABE0F2001B8A55 /* ScreenBreak */ = {
			isa = PBXNativeTarget;
			buildConfigurationList = 4813891629ABE0F6001B8A55 /* Build configuration list for PBXNativeTarget "ScreenBreak" */;
			buildPhases = (
				481388E929ABE0F2001B8A55 /* Sources */,
				481388EA29ABE0F2001B8A55 /* Frameworks */,
				481388EB29ABE0F2001B8A55 /* Resources */,
				4846CFA629CCA40C005D018E /* Embed Foundation Extensions */,
				4846CFCA29D1039E005D018E /* Embed ExtensionKit Extensions */,
			);
			buildRules = (
			);
			dependencies = (
				4846CFC529D1039E005D018E /* PBXTargetDependency */,
				4846CFDF29D1E94F005D018E /* PBXTargetDependency */,
			);
			name = ScreenBreak;
			packageProductDependencies = (
				DD69DAAD29D20D290024831D /* FirebaseAuth */,
				4846CFF229D72FED005D018E /* RiveRuntime */,
			);
			productName = ScreenBreak;
			productReference = 481388ED29ABE0F2001B8A55 /* ScreenBreak.app */;
			productType = "com.apple.product-type.application";
		};
		4813890129ABE0F6001B8A55 /* ScreenBreakTests */ = {
			isa = PBXNativeTarget;
			buildConfigurationList = 4813891929ABE0F6001B8A55 /* Build configuration list for PBXNativeTarget "ScreenBreakTests" */;
			buildPhases = (
				481388FE29ABE0F6001B8A55 /* Sources */,
				481388FF29ABE0F6001B8A55 /* Frameworks */,
				4813890029ABE0F6001B8A55 /* Resources */,
			);
			buildRules = (
			);
			dependencies = (
				4813890429ABE0F6001B8A55 /* PBXTargetDependency */,
			);
			name = ScreenBreakTests;
			productName = ScreenBreakTests;
			productReference = 4813890229ABE0F6001B8A55 /* ScreenBreakTests.xctest */;
			productType = "com.apple.product-type.bundle.unit-test";
		};
		4813890B29ABE0F6001B8A55 /* ScreenBreakUITests */ = {
			isa = PBXNativeTarget;
			buildConfigurationList = 4813891C29ABE0F6001B8A55 /* Build configuration list for PBXNativeTarget "ScreenBreakUITests" */;
			buildPhases = (
				4813890829ABE0F6001B8A55 /* Sources */,
				4813890929ABE0F6001B8A55 /* Frameworks */,
				4813890A29ABE0F6001B8A55 /* Resources */,
			);
			buildRules = (
			);
			dependencies = (
				4813890E29ABE0F6001B8A55 /* PBXTargetDependency */,
			);
			name = ScreenBreakUITests;
			productName = ScreenBreakUITests;
			productReference = 4813890C29ABE0F6001B8A55 /* ScreenBreakUITests.xctest */;
			productType = "com.apple.product-type.bundle.ui-testing";
		};
		4846CFB929D1039E005D018E /* ReportExtension */ = {
			isa = PBXNativeTarget;
			buildConfigurationList = 4846CFC729D1039E005D018E /* Build configuration list for PBXNativeTarget "ReportExtension" */;
			buildPhases = (
				4846CFB629D1039E005D018E /* Sources */,
				4846CFB729D1039E005D018E /* Frameworks */,
				4846CFB829D1039E005D018E /* Resources */,
			);
			buildRules = (
			);
			dependencies = (
			);
			name = ReportExtension;
			productName = ReportExtension;
			productReference = 4846CFBA29D1039E005D018E /* ReportExtension.appex */;
			productType = "com.apple.product-type.extensionkit-extension";
		};
		4846CFD629D1E94F005D018E /* DeviceActivityMonitor */ = {
			isa = PBXNativeTarget;
			buildConfigurationList = 4846CFE129D1E94F005D018E /* Build configuration list for PBXNativeTarget "DeviceActivityMonitor" */;
			buildPhases = (
				4846CFD329D1E94F005D018E /* Sources */,
				4846CFD429D1E94F005D018E /* Frameworks */,
				4846CFD529D1E94F005D018E /* Resources */,
			);
			buildRules = (
			);
			dependencies = (
			);
			name = DeviceActivityMonitor;
			productName = DeviceActivityMonitor;
			productReference = 4846CFD729D1E94F005D018E /* DeviceActivityMonitor.appex */;
			productType = "com.apple.product-type.app-extension";
		};
/* End PBXNativeTarget section */

/* Begin PBXProject section */
		481388E529ABE0F1001B8A55 /* Project object */ = {
			isa = PBXProject;
			attributes = {
				BuildIndependentTargetsInParallel = 1;
				LastSwiftUpdateCheck = 1420;
				LastUpgradeCheck = 1340;
				TargetAttributes = {
					481388EC29ABE0F2001B8A55 = {
						CreatedOnToolsVersion = 13.4;
					};
					4813890129ABE0F6001B8A55 = {
						CreatedOnToolsVersion = 13.4;
						TestTargetID = 481388EC29ABE0F2001B8A55;
					};
					4813890B29ABE0F6001B8A55 = {
						CreatedOnToolsVersion = 13.4;
						TestTargetID = 481388EC29ABE0F2001B8A55;
					};
					4846CFB929D1039E005D018E = {
						CreatedOnToolsVersion = 14.2;
					};
					4846CFD629D1E94F005D018E = {
						CreatedOnToolsVersion = 14.2;
					};
				};
			};
			buildConfigurationList = 481388E829ABE0F1001B8A55 /* Build configuration list for PBXProject "ScreenBreak" */;
			compatibilityVersion = "Xcode 13.0";
			developmentRegion = en;
			hasScannedForEncodings = 0;
			knownRegions = (
				en,
				Base,
			);
			mainGroup = 481388E429ABE0F1001B8A55;
			packageReferences = (
				DD69DAAC29D20D290024831D /* XCRemoteSwiftPackageReference "firebase-ios-sdk" */,
				4846CFF129D72FED005D018E /* XCRemoteSwiftPackageReference "rive-ios" */,
			);
			productRefGroup = 481388EE29ABE0F2001B8A55 /* Products */;
			projectDirPath = "";
			projectRoot = "";
			targets = (
				481388EC29ABE0F2001B8A55 /* ScreenBreak */,
				4813890129ABE0F6001B8A55 /* ScreenBreakTests */,
				4813890B29ABE0F6001B8A55 /* ScreenBreakUITests */,
				4846CFB929D1039E005D018E /* ReportExtension */,
				4846CFD629D1E94F005D018E /* DeviceActivityMonitor */,
			);
		};
/* End PBXProject section */

/* Begin PBXResourcesBuildPhase section */
		481388EB29ABE0F2001B8A55 /* Resources */ = {
			isa = PBXResourcesBuildPhase;
			buildActionMask = 2147483647;
			files = (
				DD69DAAB29D20C850024831D /* GoogleService-Info.plist in Resources */,
				4846D00829D73130005D018E /* shapes.riv in Resources */,
				4846D00229D73130005D018E /* check.riv in Resources */,
				481388F829ABE0F6001B8A55 /* Preview Assets.xcassets in Resources */,
				4846D00529D73130005D018E /* menu_button.riv in Resources */,
				4846CFFC29D73130005D018E /* house.riv in Resources */,
				4846D00B29D73130005D018E /* button.riv in Resources */,
				481388F529ABE0F6001B8A55 /* Assets.xcassets in Resources */,
				4846CFFF29D73130005D018E /* confetti.riv in Resources */,
				4846D00E29D73130005D018E /* icons.riv in Resources */,
			);
			runOnlyForDeploymentPostprocessing = 0;
		};
		4813890029ABE0F6001B8A55 /* Resources */ = {
			isa = PBXResourcesBuildPhase;
			buildActionMask = 2147483647;
			files = (
			);
			runOnlyForDeploymentPostprocessing = 0;
		};
		4813890A29ABE0F6001B8A55 /* Resources */ = {
			isa = PBXResourcesBuildPhase;
			buildActionMask = 2147483647;
			files = (
			);
			runOnlyForDeploymentPostprocessing = 0;
		};
		4846CFB829D1039E005D018E /* Resources */ = {
			isa = PBXResourcesBuildPhase;
			buildActionMask = 2147483647;
			files = (
				4846D00929D73130005D018E /* shapes.riv in Resources */,
				4846D00329D73130005D018E /* check.riv in Resources */,
				4846D00F29D73130005D018E /* icons.riv in Resources */,
				4846CFFD29D73130005D018E /* house.riv in Resources */,
				4846D00C29D73130005D018E /* button.riv in Resources */,
				4846D00629D73130005D018E /* menu_button.riv in Resources */,
				4846D00029D73130005D018E /* confetti.riv in Resources */,
			);
			runOnlyForDeploymentPostprocessing = 0;
		};
		4846CFD529D1E94F005D018E /* Resources */ = {
			isa = PBXResourcesBuildPhase;
			buildActionMask = 2147483647;
			files = (
				4846D00A29D73130005D018E /* shapes.riv in Resources */,
				4846D00429D73130005D018E /* check.riv in Resources */,
				4846D01029D73130005D018E /* icons.riv in Resources */,
				4846CFFE29D73130005D018E /* house.riv in Resources */,
				4846D00D29D73130005D018E /* button.riv in Resources */,
				4846D00729D73130005D018E /* menu_button.riv in Resources */,
				4846D00129D73130005D018E /* confetti.riv in Resources */,
			);
			runOnlyForDeploymentPostprocessing = 0;
		};
/* End PBXResourcesBuildPhase section */

/* Begin PBXSourcesBuildPhase section */
		481388E929ABE0F2001B8A55 /* Sources */ = {
			isa = PBXSourcesBuildPhase;
			buildActionMask = 2147483647;
			files = (
				488340B229B80B5100910A27 /* ConfigView.swift in Sources */,
				4846CFD029D1E888005D018E /* MyModel.swift in Sources */,
				DD69DAC229D212560024831D /* RegisterView.swift in Sources */,
				4846CFD229D1E8E0005D018E /* MySchedule.swift in Sources */,
				4846CFB329CCA666005D018E /* ChartView.swift in Sources */,
				488340B629B80D3500910A27 /* SettingsView.swift in Sources */,
				481388FA29ABE0F6001B8A55 /* Persistence.swift in Sources */,
				488340BA29B8198D00910A27 /* HomeView.swift in Sources */,
				481388FD29ABE0F6001B8A55 /* ScreenBreak.xcdatamodeld in Sources */,
				488340B829B8148700910A27 /* LeaderboardView.swift in Sources */,
				481388F329ABE0F2001B8A55 /* ContentView.swift in Sources */,
				488340B029B80B1500910A27 /* AppsView.swift in Sources */,
				488340BC29C8A80B00910A27 /* LaunchScreenView.swift in Sources */,
				DD69DAC129D212560024831D /* SignInView.swift in Sources */,
				481388F129ABE0F2001B8A55 /* ScreenBreakApp.swift in Sources */,
				488340BF29C8AE8F00910A27 /* LaunchScreenManager.swift in Sources */,
				DD69DAC029D212560024831D /* LoginView.swift in Sources */,
				488340B429B80CE800910A27 /* TabBar.swift in Sources */,
			);
			runOnlyForDeploymentPostprocessing = 0;
		};
		481388FE29ABE0F6001B8A55 /* Sources */ = {
			isa = PBXSourcesBuildPhase;
			buildActionMask = 2147483647;
			files = (
				4813890729ABE0F6001B8A55 /* ScreenBreakTests.swift in Sources */,
			);
			runOnlyForDeploymentPostprocessing = 0;
		};
		4813890829ABE0F6001B8A55 /* Sources */ = {
			isa = PBXSourcesBuildPhase;
			buildActionMask = 2147483647;
			files = (
				4813891329ABE0F6001B8A55 /* ScreenBreakUITestsLaunchTests.swift in Sources */,
				4813891129ABE0F6001B8A55 /* ScreenBreakUITests.swift in Sources */,
			);
			runOnlyForDeploymentPostprocessing = 0;
		};
		4846CFB629D1039E005D018E /* Sources */ = {
			isa = PBXSourcesBuildPhase;
			buildActionMask = 2147483647;
			files = (
				4846CFCC29D105A1005D018E /* AppDeviceActivity.swift in Sources */,
				4846CFC129D1039E005D018E /* TotalActivityView.swift in Sources */,
				4846CFBD29D1039E005D018E /* ReportExtension.swift in Sources */,
				4846CFE729D313FA005D018E /* CategoryChartView.swift in Sources */,
				4846CFBF29D1039E005D018E /* TotalActivityReport.swift in Sources */,
				4846CFE929D32208005D018E /* ExampleView.swift in Sources */,
				4846CFF029D49A48005D018E /* CardView.swift in Sources */,
				4846CFE529D313B1005D018E /* TotalCategoryReport.swift in Sources */,
			);
			runOnlyForDeploymentPostprocessing = 0;
		};
		4846CFD329D1E94F005D018E /* Sources */ = {
			isa = PBXSourcesBuildPhase;
			buildActionMask = 2147483647;
			files = (
				4846CFDB29D1E94F005D018E /* DeviceActivityMonitorExtension.swift in Sources */,
			);
			runOnlyForDeploymentPostprocessing = 0;
		};
/* End PBXSourcesBuildPhase section */

/* Begin PBXTargetDependency section */
		4813890429ABE0F6001B8A55 /* PBXTargetDependency */ = {
			isa = PBXTargetDependency;
			target = 481388EC29ABE0F2001B8A55 /* ScreenBreak */;
			targetProxy = 4813890329ABE0F6001B8A55 /* PBXContainerItemProxy */;
		};
		4813890E29ABE0F6001B8A55 /* PBXTargetDependency */ = {
			isa = PBXTargetDependency;
			target = 481388EC29ABE0F2001B8A55 /* ScreenBreak */;
			targetProxy = 4813890D29ABE0F6001B8A55 /* PBXContainerItemProxy */;
		};
		4846CFC529D1039E005D018E /* PBXTargetDependency */ = {
			isa = PBXTargetDependency;
			target = 4846CFB929D1039E005D018E /* ReportExtension */;
			targetProxy = 4846CFC429D1039E005D018E /* PBXContainerItemProxy */;
		};
		4846CFDF29D1E94F005D018E /* PBXTargetDependency */ = {
			isa = PBXTargetDependency;
			target = 4846CFD629D1E94F005D018E /* DeviceActivityMonitor */;
			targetProxy = 4846CFDE29D1E94F005D018E /* PBXContainerItemProxy */;
		};
/* End PBXTargetDependency section */

/* Begin XCBuildConfiguration section */
		4813891429ABE0F6001B8A55 /* Debug */ = {
			isa = XCBuildConfiguration;
			buildSettings = {
				ALWAYS_SEARCH_USER_PATHS = NO;
				CLANG_ANALYZER_NONNULL = YES;
				CLANG_ANALYZER_NUMBER_OBJECT_CONVERSION = YES_AGGRESSIVE;
				CLANG_CXX_LANGUAGE_STANDARD = "gnu++17";
				CLANG_ENABLE_MODULES = YES;
				CLANG_ENABLE_OBJC_ARC = YES;
				CLANG_ENABLE_OBJC_WEAK = YES;
				CLANG_WARN_BLOCK_CAPTURE_AUTORELEASING = YES;
				CLANG_WARN_BOOL_CONVERSION = YES;
				CLANG_WARN_COMMA = YES;
				CLANG_WARN_CONSTANT_CONVERSION = YES;
				CLANG_WARN_DEPRECATED_OBJC_IMPLEMENTATIONS = YES;
				CLANG_WARN_DIRECT_OBJC_ISA_USAGE = YES_ERROR;
				CLANG_WARN_DOCUMENTATION_COMMENTS = YES;
				CLANG_WARN_EMPTY_BODY = YES;
				CLANG_WARN_ENUM_CONVERSION = YES;
				CLANG_WARN_INFINITE_RECURSION = YES;
				CLANG_WARN_INT_CONVERSION = YES;
				CLANG_WARN_NON_LITERAL_NULL_CONVERSION = YES;
				CLANG_WARN_OBJC_IMPLICIT_RETAIN_SELF = YES;
				CLANG_WARN_OBJC_LITERAL_CONVERSION = YES;
				CLANG_WARN_OBJC_ROOT_CLASS = YES_ERROR;
				CLANG_WARN_QUOTED_INCLUDE_IN_FRAMEWORK_HEADER = YES;
				CLANG_WARN_RANGE_LOOP_ANALYSIS = YES;
				CLANG_WARN_STRICT_PROTOTYPES = YES;
				CLANG_WARN_SUSPICIOUS_MOVE = YES;
				CLANG_WARN_UNGUARDED_AVAILABILITY = YES_AGGRESSIVE;
				CLANG_WARN_UNREACHABLE_CODE = YES;
				CLANG_WARN__DUPLICATE_METHOD_MATCH = YES;
				COPY_PHASE_STRIP = NO;
				DEBUG_INFORMATION_FORMAT = dwarf;
				ENABLE_STRICT_OBJC_MSGSEND = YES;
				ENABLE_TESTABILITY = YES;
				GCC_C_LANGUAGE_STANDARD = gnu11;
				GCC_DYNAMIC_NO_PIC = NO;
				GCC_NO_COMMON_BLOCKS = YES;
				GCC_OPTIMIZATION_LEVEL = 0;
				GCC_PREPROCESSOR_DEFINITIONS = (
					"DEBUG=1",
					"$(inherited)",
				);
				GCC_WARN_64_TO_32_BIT_CONVERSION = YES;
				GCC_WARN_ABOUT_RETURN_TYPE = YES_ERROR;
				GCC_WARN_UNDECLARED_SELECTOR = YES;
				GCC_WARN_UNINITIALIZED_AUTOS = YES_AGGRESSIVE;
				GCC_WARN_UNUSED_FUNCTION = YES;
				GCC_WARN_UNUSED_VARIABLE = YES;
				IPHONEOS_DEPLOYMENT_TARGET = 16.0;
				MTL_ENABLE_DEBUG_INFO = INCLUDE_SOURCE;
				MTL_FAST_MATH = YES;
				ONLY_ACTIVE_ARCH = YES;
				SDKROOT = iphoneos;
				SWIFT_ACTIVE_COMPILATION_CONDITIONS = DEBUG;
				SWIFT_OPTIMIZATION_LEVEL = "-Onone";
			};
			name = Debug;
		};
		4813891529ABE0F6001B8A55 /* Release */ = {
			isa = XCBuildConfiguration;
			buildSettings = {
				ALWAYS_SEARCH_USER_PATHS = NO;
				CLANG_ANALYZER_NONNULL = YES;
				CLANG_ANALYZER_NUMBER_OBJECT_CONVERSION = YES_AGGRESSIVE;
				CLANG_CXX_LANGUAGE_STANDARD = "gnu++17";
				CLANG_ENABLE_MODULES = YES;
				CLANG_ENABLE_OBJC_ARC = YES;
				CLANG_ENABLE_OBJC_WEAK = YES;
				CLANG_WARN_BLOCK_CAPTURE_AUTORELEASING = YES;
				CLANG_WARN_BOOL_CONVERSION = YES;
				CLANG_WARN_COMMA = YES;
				CLANG_WARN_CONSTANT_CONVERSION = YES;
				CLANG_WARN_DEPRECATED_OBJC_IMPLEMENTATIONS = YES;
				CLANG_WARN_DIRECT_OBJC_ISA_USAGE = YES_ERROR;
				CLANG_WARN_DOCUMENTATION_COMMENTS = YES;
				CLANG_WARN_EMPTY_BODY = YES;
				CLANG_WARN_ENUM_CONVERSION = YES;
				CLANG_WARN_INFINITE_RECURSION = YES;
				CLANG_WARN_INT_CONVERSION = YES;
				CLANG_WARN_NON_LITERAL_NULL_CONVERSION = YES;
				CLANG_WARN_OBJC_IMPLICIT_RETAIN_SELF = YES;
				CLANG_WARN_OBJC_LITERAL_CONVERSION = YES;
				CLANG_WARN_OBJC_ROOT_CLASS = YES_ERROR;
				CLANG_WARN_QUOTED_INCLUDE_IN_FRAMEWORK_HEADER = YES;
				CLANG_WARN_RANGE_LOOP_ANALYSIS = YES;
				CLANG_WARN_STRICT_PROTOTYPES = YES;
				CLANG_WARN_SUSPICIOUS_MOVE = YES;
				CLANG_WARN_UNGUARDED_AVAILABILITY = YES_AGGRESSIVE;
				CLANG_WARN_UNREACHABLE_CODE = YES;
				CLANG_WARN__DUPLICATE_METHOD_MATCH = YES;
				COPY_PHASE_STRIP = NO;
				DEBUG_INFORMATION_FORMAT = "dwarf-with-dsym";
				ENABLE_NS_ASSERTIONS = NO;
				ENABLE_STRICT_OBJC_MSGSEND = YES;
				GCC_C_LANGUAGE_STANDARD = gnu11;
				GCC_NO_COMMON_BLOCKS = YES;
				GCC_WARN_64_TO_32_BIT_CONVERSION = YES;
				GCC_WARN_ABOUT_RETURN_TYPE = YES_ERROR;
				GCC_WARN_UNDECLARED_SELECTOR = YES;
				GCC_WARN_UNINITIALIZED_AUTOS = YES_AGGRESSIVE;
				GCC_WARN_UNUSED_FUNCTION = YES;
				GCC_WARN_UNUSED_VARIABLE = YES;
				IPHONEOS_DEPLOYMENT_TARGET = 16.0;
				MTL_ENABLE_DEBUG_INFO = NO;
				MTL_FAST_MATH = YES;
				SDKROOT = iphoneos;
				SWIFT_COMPILATION_MODE = wholemodule;
				SWIFT_OPTIMIZATION_LEVEL = "-O";
				VALIDATE_PRODUCT = YES;
			};
			name = Release;
		};
		4813891729ABE0F6001B8A55 /* Debug */ = {
			isa = XCBuildConfiguration;
			buildSettings = {
				ALWAYS_EMBED_SWIFT_STANDARD_LIBRARIES = YES;
				ASSETCATALOG_COMPILER_APPICON_NAME = AppIcon;
				ASSETCATALOG_COMPILER_GLOBAL_ACCENT_COLOR_NAME = AccentColor;
				CODE_SIGN_ENTITLEMENTS = ScreenBreak/ScreenBreak.entitlements;
				CODE_SIGN_IDENTITY = "Apple Development";
				CODE_SIGN_STYLE = Automatic;
				CURRENT_PROJECT_VERSION = 1;
				DEVELOPMENT_ASSET_PATHS = "\"ScreenBreak/Preview Content\"";
				DEVELOPMENT_TEAM = 9X5NJM66A3;
				ENABLE_PREVIEWS = YES;
				GENERATE_INFOPLIST_FILE = YES;
				INFOPLIST_FILE = ScreenBreak/Info.plist;
				INFOPLIST_KEY_CFBundleDisplayName = "Screen Break";
				INFOPLIST_KEY_LSApplicationCategoryType = "public.app-category.productivity";
				INFOPLIST_KEY_UIApplicationSupportsIndirectInputEvents = YES;
				INFOPLIST_KEY_UISupportedInterfaceOrientations = UIInterfaceOrientationPortrait;
				LD_RUNPATH_SEARCH_PATHS = (
					"$(inherited)",
					"@executable_path/Frameworks",
				);
				MARKETING_VERSION = 1.0;
				PRODUCT_BUNDLE_IDENTIFIER = ChristianPichardo.ScreenBreak;
				PRODUCT_NAME = "$(TARGET_NAME)";
				PROVISIONING_PROFILE_SPECIFIER = "";
				SUPPORTED_PLATFORMS = "iphoneos iphonesimulator";
				SUPPORTS_MACCATALYST = NO;
				SUPPORTS_MAC_DESIGNED_FOR_IPHONE_IPAD = NO;
				SWIFT_EMIT_LOC_STRINGS = YES;
				SWIFT_VERSION = 5.0;
				TARGETED_DEVICE_FAMILY = 1;
			};
			name = Debug;
		};
		4813891829ABE0F6001B8A55 /* Release */ = {
			isa = XCBuildConfiguration;
			buildSettings = {
				ALWAYS_EMBED_SWIFT_STANDARD_LIBRARIES = YES;
				ASSETCATALOG_COMPILER_APPICON_NAME = AppIcon;
				ASSETCATALOG_COMPILER_GLOBAL_ACCENT_COLOR_NAME = AccentColor;
				CODE_SIGN_ENTITLEMENTS = ScreenBreak/ScreenBreak.entitlements;
				CODE_SIGN_IDENTITY = "Apple Development";
				CODE_SIGN_STYLE = Automatic;
				CURRENT_PROJECT_VERSION = 1;
				DEVELOPMENT_ASSET_PATHS = "\"ScreenBreak/Preview Content\"";
				DEVELOPMENT_TEAM = 9X5NJM66A3;
				ENABLE_PREVIEWS = YES;
				GENERATE_INFOPLIST_FILE = YES;
				INFOPLIST_FILE = ScreenBreak/Info.plist;
				INFOPLIST_KEY_CFBundleDisplayName = "Screen Break";
				INFOPLIST_KEY_LSApplicationCategoryType = "public.app-category.productivity";
				INFOPLIST_KEY_UIApplicationSupportsIndirectInputEvents = YES;
				INFOPLIST_KEY_UISupportedInterfaceOrientations = UIInterfaceOrientationPortrait;
				LD_RUNPATH_SEARCH_PATHS = (
					"$(inherited)",
					"@executable_path/Frameworks",
				);
				MARKETING_VERSION = 1.0;
				PRODUCT_BUNDLE_IDENTIFIER = ChristianPichardo.ScreenBreak;
				PRODUCT_NAME = "$(TARGET_NAME)";
				PROVISIONING_PROFILE_SPECIFIER = "";
				SUPPORTED_PLATFORMS = "iphoneos iphonesimulator";
				SUPPORTS_MACCATALYST = NO;
				SUPPORTS_MAC_DESIGNED_FOR_IPHONE_IPAD = NO;
				SWIFT_EMIT_LOC_STRINGS = YES;
				SWIFT_VERSION = 5.0;
				TARGETED_DEVICE_FAMILY = 1;
			};
			name = Release;
		};
		4813891A29ABE0F6001B8A55 /* Debug */ = {
			isa = XCBuildConfiguration;
			buildSettings = {
				ALWAYS_EMBED_SWIFT_STANDARD_LIBRARIES = YES;
				BUNDLE_LOADER = "$(TEST_HOST)";
				CODE_SIGN_STYLE = Automatic;
				CURRENT_PROJECT_VERSION = 1;
				DEVELOPMENT_TEAM = 9X5NJM66A3;
				GENERATE_INFOPLIST_FILE = YES;
				IPHONEOS_DEPLOYMENT_TARGET = 15.5;
				MARKETING_VERSION = 1.0;
				PRODUCT_BUNDLE_IDENTIFIER = ChristianPichardo.ScreenBreakTests;
				PRODUCT_NAME = "$(TARGET_NAME)";
				SWIFT_EMIT_LOC_STRINGS = NO;
				SWIFT_VERSION = 5.0;
				TARGETED_DEVICE_FAMILY = "1,2";
				TEST_HOST = "$(BUILT_PRODUCTS_DIR)/ScreenBreak.app/ScreenBreak";
			};
			name = Debug;
		};
		4813891B29ABE0F6001B8A55 /* Release */ = {
			isa = XCBuildConfiguration;
			buildSettings = {
				ALWAYS_EMBED_SWIFT_STANDARD_LIBRARIES = YES;
				BUNDLE_LOADER = "$(TEST_HOST)";
				CODE_SIGN_STYLE = Automatic;
				CURRENT_PROJECT_VERSION = 1;
				DEVELOPMENT_TEAM = 9X5NJM66A3;
				GENERATE_INFOPLIST_FILE = YES;
				IPHONEOS_DEPLOYMENT_TARGET = 15.5;
				MARKETING_VERSION = 1.0;
				PRODUCT_BUNDLE_IDENTIFIER = ChristianPichardo.ScreenBreakTests;
				PRODUCT_NAME = "$(TARGET_NAME)";
				SWIFT_EMIT_LOC_STRINGS = NO;
				SWIFT_VERSION = 5.0;
				TARGETED_DEVICE_FAMILY = "1,2";
				TEST_HOST = "$(BUILT_PRODUCTS_DIR)/ScreenBreak.app/ScreenBreak";
			};
			name = Release;
		};
		4813891D29ABE0F6001B8A55 /* Debug */ = {
			isa = XCBuildConfiguration;
			buildSettings = {
				ALWAYS_EMBED_SWIFT_STANDARD_LIBRARIES = YES;
				CODE_SIGN_STYLE = Automatic;
				CURRENT_PROJECT_VERSION = 1;
				DEVELOPMENT_TEAM = 9X5NJM66A3;
				GENERATE_INFOPLIST_FILE = YES;
				MARKETING_VERSION = 1.0;
				PRODUCT_BUNDLE_IDENTIFIER = ChristianPichardo.ScreenBreakUITests;
				PRODUCT_NAME = "$(TARGET_NAME)";
				SWIFT_EMIT_LOC_STRINGS = NO;
				SWIFT_VERSION = 5.0;
				TARGETED_DEVICE_FAMILY = "1,2";
				TEST_TARGET_NAME = ScreenBreak;
			};
			name = Debug;
		};
		4813891E29ABE0F6001B8A55 /* Release */ = {
			isa = XCBuildConfiguration;
			buildSettings = {
				ALWAYS_EMBED_SWIFT_STANDARD_LIBRARIES = YES;
				CODE_SIGN_STYLE = Automatic;
				CURRENT_PROJECT_VERSION = 1;
				DEVELOPMENT_TEAM = 9X5NJM66A3;
				GENERATE_INFOPLIST_FILE = YES;
				MARKETING_VERSION = 1.0;
				PRODUCT_BUNDLE_IDENTIFIER = ChristianPichardo.ScreenBreakUITests;
				PRODUCT_NAME = "$(TARGET_NAME)";
				SWIFT_EMIT_LOC_STRINGS = NO;
				SWIFT_VERSION = 5.0;
				TARGETED_DEVICE_FAMILY = "1,2";
				TEST_TARGET_NAME = ScreenBreak;
			};
			name = Release;
		};
		4846CFC829D1039E005D018E /* Debug */ = {
			isa = XCBuildConfiguration;
			buildSettings = {
				CLANG_CXX_LANGUAGE_STANDARD = "gnu++20";
				CODE_SIGN_ENTITLEMENTS = ReportExtension/ReportExtension.entitlements;
				CODE_SIGN_STYLE = Automatic;
				CURRENT_PROJECT_VERSION = 1;
				DEVELOPMENT_TEAM = 9X5NJM66A3;
				GENERATE_INFOPLIST_FILE = YES;
				INFOPLIST_FILE = ReportExtension/Info.plist;
				INFOPLIST_KEY_CFBundleDisplayName = ReportExtension;
				INFOPLIST_KEY_NSHumanReadableCopyright = "";
				IPHONEOS_DEPLOYMENT_TARGET = 16.2;
				LD_RUNPATH_SEARCH_PATHS = (
					"$(inherited)",
					"@executable_path/Frameworks",
					"@executable_path/../../Frameworks",
				);
				MARKETING_VERSION = 1.0;
				PRODUCT_BUNDLE_IDENTIFIER = ChristianPichardo.ScreenBreak.ReportExtension;
				PRODUCT_NAME = "$(TARGET_NAME)";
				SKIP_INSTALL = YES;
				SWIFT_EMIT_LOC_STRINGS = YES;
				SWIFT_VERSION = 5.0;
				TARGETED_DEVICE_FAMILY = "1,2";
			};
			name = Debug;
		};
		4846CFC929D1039E005D018E /* Release */ = {
			isa = XCBuildConfiguration;
			buildSettings = {
				CLANG_CXX_LANGUAGE_STANDARD = "gnu++20";
				CODE_SIGN_ENTITLEMENTS = ReportExtension/ReportExtension.entitlements;
				CODE_SIGN_STYLE = Automatic;
				CURRENT_PROJECT_VERSION = 1;
				DEVELOPMENT_TEAM = 9X5NJM66A3;
				GENERATE_INFOPLIST_FILE = YES;
				INFOPLIST_FILE = ReportExtension/Info.plist;
				INFOPLIST_KEY_CFBundleDisplayName = ReportExtension;
				INFOPLIST_KEY_NSHumanReadableCopyright = "";
				IPHONEOS_DEPLOYMENT_TARGET = 16.2;
				LD_RUNPATH_SEARCH_PATHS = (
					"$(inherited)",
					"@executable_path/Frameworks",
					"@executable_path/../../Frameworks",
				);
				MARKETING_VERSION = 1.0;
				PRODUCT_BUNDLE_IDENTIFIER = ChristianPichardo.ScreenBreak.ReportExtension;
				PRODUCT_NAME = "$(TARGET_NAME)";
				SKIP_INSTALL = YES;
				SWIFT_EMIT_LOC_STRINGS = YES;
				SWIFT_VERSION = 5.0;
				TARGETED_DEVICE_FAMILY = "1,2";
			};
			name = Release;
		};
		4846CFE229D1E94F005D018E /* Debug */ = {
			isa = XCBuildConfiguration;
			buildSettings = {
				CLANG_CXX_LANGUAGE_STANDARD = "gnu++20";
				CODE_SIGN_ENTITLEMENTS = DeviceActivityMonitor/DeviceActivityMonitor.entitlements;
				CODE_SIGN_STYLE = Automatic;
				CURRENT_PROJECT_VERSION = 1;
				DEVELOPMENT_TEAM = 9X5NJM66A3;
				GENERATE_INFOPLIST_FILE = YES;
				INFOPLIST_FILE = DeviceActivityMonitor/Info.plist;
				INFOPLIST_KEY_CFBundleDisplayName = DeviceActivityMonitor;
				INFOPLIST_KEY_NSHumanReadableCopyright = "";
				IPHONEOS_DEPLOYMENT_TARGET = 16.2;
				LD_RUNPATH_SEARCH_PATHS = (
					"$(inherited)",
					"@executable_path/Frameworks",
					"@executable_path/../../Frameworks",
				);
				MARKETING_VERSION = 1.0;
				PRODUCT_BUNDLE_IDENTIFIER = ChristianPichardo.ScreenBreak.DeviceActivityMonitor;
				PRODUCT_NAME = "$(TARGET_NAME)";
				SKIP_INSTALL = YES;
				SWIFT_EMIT_LOC_STRINGS = YES;
				SWIFT_VERSION = 5.0;
				TARGETED_DEVICE_FAMILY = "1,2";
			};
			name = Debug;
		};
		4846CFE329D1E94F005D018E /* Release */ = {
			isa = XCBuildConfiguration;
			buildSettings = {
				CLANG_CXX_LANGUAGE_STANDARD = "gnu++20";
				CODE_SIGN_ENTITLEMENTS = DeviceActivityMonitor/DeviceActivityMonitor.entitlements;
				CODE_SIGN_STYLE = Automatic;
				CURRENT_PROJECT_VERSION = 1;
				DEVELOPMENT_TEAM = 9X5NJM66A3;
				GENERATE_INFOPLIST_FILE = YES;
				INFOPLIST_FILE = DeviceActivityMonitor/Info.plist;
				INFOPLIST_KEY_CFBundleDisplayName = DeviceActivityMonitor;
				INFOPLIST_KEY_NSHumanReadableCopyright = "";
				IPHONEOS_DEPLOYMENT_TARGET = 16.2;
				LD_RUNPATH_SEARCH_PATHS = (
					"$(inherited)",
					"@executable_path/Frameworks",
					"@executable_path/../../Frameworks",
				);
				MARKETING_VERSION = 1.0;
				PRODUCT_BUNDLE_IDENTIFIER = ChristianPichardo.ScreenBreak.DeviceActivityMonitor;
				PRODUCT_NAME = "$(TARGET_NAME)";
				SKIP_INSTALL = YES;
				SWIFT_EMIT_LOC_STRINGS = YES;
				SWIFT_VERSION = 5.0;
				TARGETED_DEVICE_FAMILY = "1,2";
			};
			name = Release;
		};
/* End XCBuildConfiguration section */

/* Begin XCConfigurationList section */
		481388E829ABE0F1001B8A55 /* Build configuration list for PBXProject "ScreenBreak" */ = {
			isa = XCConfigurationList;
			buildConfigurations = (
				4813891429ABE0F6001B8A55 /* Debug */,
				4813891529ABE0F6001B8A55 /* Release */,
			);
			defaultConfigurationIsVisible = 0;
			defaultConfigurationName = Release;
		};
		4813891629ABE0F6001B8A55 /* Build configuration list for PBXNativeTarget "ScreenBreak" */ = {
			isa = XCConfigurationList;
			buildConfigurations = (
				4813891729ABE0F6001B8A55 /* Debug */,
				4813891829ABE0F6001B8A55 /* Release */,
			);
			defaultConfigurationIsVisible = 0;
			defaultConfigurationName = Release;
		};
		4813891929ABE0F6001B8A55 /* Build configuration list for PBXNativeTarget "ScreenBreakTests" */ = {
			isa = XCConfigurationList;
			buildConfigurations = (
				4813891A29ABE0F6001B8A55 /* Debug */,
				4813891B29ABE0F6001B8A55 /* Release */,
			);
			defaultConfigurationIsVisible = 0;
			defaultConfigurationName = Release;
		};
		4813891C29ABE0F6001B8A55 /* Build configuration list for PBXNativeTarget "ScreenBreakUITests" */ = {
			isa = XCConfigurationList;
			buildConfigurations = (
				4813891D29ABE0F6001B8A55 /* Debug */,
				4813891E29ABE0F6001B8A55 /* Release */,
			);
			defaultConfigurationIsVisible = 0;
			defaultConfigurationName = Release;
		};
		4846CFC729D1039E005D018E /* Build configuration list for PBXNativeTarget "ReportExtension" */ = {
			isa = XCConfigurationList;
			buildConfigurations = (
				4846CFC829D1039E005D018E /* Debug */,
				4846CFC929D1039E005D018E /* Release */,
			);
			defaultConfigurationIsVisible = 0;
			defaultConfigurationName = Release;
		};
		4846CFE129D1E94F005D018E /* Build configuration list for PBXNativeTarget "DeviceActivityMonitor" */ = {
			isa = XCConfigurationList;
			buildConfigurations = (
				4846CFE229D1E94F005D018E /* Debug */,
				4846CFE329D1E94F005D018E /* Release */,
			);
			defaultConfigurationIsVisible = 0;
			defaultConfigurationName = Release;
		};
/* End XCConfigurationList section */

/* Begin XCRemoteSwiftPackageReference section */
		DD69DAAC29D20D290024831D /* XCRemoteSwiftPackageReference "firebase-ios-sdk" */ = {
			isa = XCRemoteSwiftPackageReference;
			repositoryURL = "https://github.com/firebase/firebase-ios-sdk";
			requirement = {
				branch = master;
				kind = branch;
			};
		};
        4846CFF129D72FED005D018E /* XCRemoteSwiftPackageReference "rive-ios" */ = {
            isa = XCRemoteSwiftPackageReference;
            repositoryURL = "https://github.com/rive-app/rive-ios";
            requirement = {
                kind = upToNextMajorVersion;
                minimumVersion = 3.0.0;
            };
        };
/* End XCRemoteSwiftPackageReference section */

/* Begin XCSwiftPackageProductDependency section */
		DD69DAAD29D20D290024831D /* FirebaseAuth */ = {
			isa = XCSwiftPackageProductDependency;
			package = DD69DAAC29D20D290024831D /* XCRemoteSwiftPackageReference "firebase-ios-sdk" */;
			productName = FirebaseAuth;
		};
        4846CFF229D72FED005D018E /* RiveRuntime */ = {
            isa = XCSwiftPackageProductDependency;
            package = 4846CFF129D72FED005D018E /* XCRemoteSwiftPackageReference "rive-ios" */;
            productName = RiveRuntime;
        };
/* End XCSwiftPackageProductDependency section */

/* Begin XCVersionGroup section */
		481388FB29ABE0F6001B8A55 /* ScreenBreak.xcdatamodeld */ = {
			isa = XCVersionGroup;
			children = (
				481388FC29ABE0F6001B8A55 /* ScreenBreak.xcdatamodel */,
			);
			currentVersion = 481388FC29ABE0F6001B8A55 /* ScreenBreak.xcdatamodel */;
			path = ScreenBreak.xcdatamodeld;
			sourceTree = "<group>";
			versionGroupType = wrapper.xcdatamodel;
		};
/* End XCVersionGroup section */
	};
	rootObject = 481388E529ABE0F1001B8A55 /* Project object */;
}
